
Microsoft Visual Studio Solution File, Format Version 12.00
# Visual Studio Version 17
VisualStudioVersion = 17.8.34525.116
MinimumVisualStudioVersion = 10.0.40219.1
Project("{FAE04EC0-301F-11D3-BF4B-00C04F79EFBC}") = "ITIFullProject", "ITIFullProject.csproj", "{7E46BF78-AC81-4606-BDA1-987622C7C107}"
EndProject
Global
	GlobalSection(SolutionConfigurationPlatforms) = preSolution
		Debug|Any CPU = Debug|Any CPU
		Release|Any CPU = Release|Any CPU
	EndGlobalSection
	GlobalSection(ProjectConfigurationPlatforms) = postSolution
		{7E46BF78-AC81-4606-BDA1-987622C7C107}.Debug|Any CPU.ActiveCfg = Debug|Any CPU
		{7E46BF78-AC81-4606-BDA1-987622C7C107}.Debug|Any CPU.Build.0 = Debug|Any CPU
		{7E46BF78-AC81-4606-BDA1-987622C7C107}.Release|Any CPU.ActiveCfg = Release|Any CPU
		{7E46BF78-AC81-4606-BDA1-987622C7C107}.Release|Any CPU.Build.0 = Release|Any CPU
	EndGlobalSection
	GlobalSection(SolutionProperties) = preSolution
		HideSolutionNode = FALSE
	EndGlobalSection
	GlobalSection(ExtensibilityGlobals) = postSolution
		SolutionGuid = {DBF25E0C-912A-4DC2-8975-D1352365F4FC}
	EndGlobalSection
EndGlobal
